
Microsoft Visual Studio Solution File, Format Version 12.00
# Visual Studio Version 17
VisualStudioVersion = 17.9.34728.123
MinimumVisualStudioVersion = 10.0.40219.1
Project("{FAE04EC0-301F-11D3-BF4B-00C04F79EFBC}") = "hid-sharp", "hid-sharp.csproj", "{5626F43B-C55E-42FF-A981-678C6D84AB27}"
EndProject
Global
	GlobalSection(SolutionConfigurationPlatforms) = preSolution
		Debug|Any CPU = Debug|Any CPU
		Release|Any CPU = Release|Any CPU
	EndGlobalSection
	GlobalSection(ProjectConfigurationPlatforms) = postSolution
		{5626F43B-C55E-42FF-A981-678C6D84AB27}.Debug|Any CPU.ActiveCfg = Debug|Any CPU
		{5626F43B-C55E-42FF-A981-678C6D84AB27}.Debug|Any CPU.Build.0 = Debug|Any CPU
		{5626F43B-C55E-42FF-A981-678C6D84AB27}.Release|Any CPU.ActiveCfg = Release|Any CPU
		{5626F43B-C55E-42FF-A981-678C6D84AB27}.Release|Any CPU.Build.0 = Release|Any CPU
		{4F904CBF-8687-4110-A191-03376F75F712}.Debug|Any CPU.ActiveCfg = Debug|Any CPU
		{4F904CBF-8687-4110-A191-03376F75F712}.Debug|Any CPU.Build.0 = Debug|Any CPU
		{4F904CBF-8687-4110-A191-03376F75F712}.Release|Any CPU.ActiveCfg = Release|Any CPU
		{4F904CBF-8687-4110-A191-03376F75F712}.Release|Any CPU.Build.0 = Release|Any CPU
	EndGlobalSection
	GlobalSection(SolutionProperties) = preSolution
		HideSolutionNode = FALSE
	EndGlobalSection
	GlobalSection(ExtensibilityGlobals) = postSolution
		SolutionGuid = {10475C32-A4CE-4FE2-ACA9-41D742E13084}
	EndGlobalSection
EndGlobal
